
Microsoft Visual Studio Solution File, Format Version 12.00
# Visual Studio Version 17
VisualStudioVersion = 17.14.36109.1 d17.14
MinimumVisualStudioVersion = 10.0.40219.1
Project("{FAE04EC0-301F-11D3-BF4B-00C04F79EFBC}") = "exerciciosss", "exerciciosss\exerciciosss.csproj", "{404A4C85-3DF8-4EDC-8871-29D36BC58176}"
EndProject
Global
	GlobalSection(SolutionConfigurationPlatforms) = preSolution
		Debug|Any CPU = Debug|Any CPU
		Release|Any CPU = Release|Any CPU
	EndGlobalSection
	GlobalSection(ProjectConfigurationPlatforms) = postSolution
		{404A4C85-3DF8-4EDC-8871-29D36BC58176}.Debug|Any CPU.ActiveCfg = Debug|Any CPU
		{404A4C85-3DF8-4EDC-8871-29D36BC58176}.Debug|Any CPU.Build.0 = Debug|Any CPU
		{404A4C85-3DF8-4EDC-8871-29D36BC58176}.Release|Any CPU.ActiveCfg = Release|Any CPU
		{404A4C85-3DF8-4EDC-8871-29D36BC58176}.Release|Any CPU.Build.0 = Release|Any CPU
	EndGlobalSection
	GlobalSection(SolutionProperties) = preSolution
		HideSolutionNode = FALSE
	EndGlobalSection
	GlobalSection(ExtensibilityGlobals) = postSolution
		SolutionGuid = {766FC11C-7DFA-4C61-A061-2400642A5407}
	EndGlobalSection
EndGlobal
